
Microsoft Visual Studio Solution File, Format Version 12.00
# Visual Studio 2012
Project("{FAE04EC0-301F-11D3-BF4B-00C04F79EFBC}") = "lucid", "lucid\lucid.csproj", "{866F7A50-06F0-48B0-B354-19550399B149}"
EndProject
Project("{FAE04EC0-301F-11D3-BF4B-00C04F79EFBC}") = "MarketFlowLibrary", "MarketFlowLibrary\MarketFlowLibrary.csproj", "{94A62BE7-AD8A-4766-94C0-B280461B3DA2}"
EndProject
Project("{FAE04EC0-301F-11D3-BF4B-00C04F79EFBC}") = "GraphViewBinding", "..\..\Downloads\GraphView\GraphViewBinding\GraphViewBinding.csproj", "{0A93C5FA-1DEF-4D86-9169-3D517765D590}"
EndProject
Global
	GlobalSection(SolutionConfigurationPlatforms) = preSolution
		Debug|Any CPU = Debug|Any CPU
		Release|Any CPU = Release|Any CPU
	EndGlobalSection
	GlobalSection(ProjectConfigurationPlatforms) = postSolution
		{866F7A50-06F0-48B0-B354-19550399B149}.Debug|Any CPU.ActiveCfg = Debug|Any CPU
		{866F7A50-06F0-48B0-B354-19550399B149}.Debug|Any CPU.Build.0 = Debug|Any CPU
		{866F7A50-06F0-48B0-B354-19550399B149}.Release|Any CPU.ActiveCfg = Release|Any CPU
		{866F7A50-06F0-48B0-B354-19550399B149}.Release|Any CPU.Build.0 = Release|Any CPU
		{94A62BE7-AD8A-4766-94C0-B280461B3DA2}.Debug|Any CPU.ActiveCfg = Debug|Any CPU
		{94A62BE7-AD8A-4766-94C0-B280461B3DA2}.Debug|Any CPU.Build.0 = Debug|Any CPU
		{94A62BE7-AD8A-4766-94C0-B280461B3DA2}.Release|Any CPU.ActiveCfg = Release|Any CPU
		{94A62BE7-AD8A-4766-94C0-B280461B3DA2}.Release|Any CPU.Build.0 = Release|Any CPU
		{0A93C5FA-1DEF-4D86-9169-3D517765D590}.Debug|Any CPU.ActiveCfg = Debug|Any CPU
		{0A93C5FA-1DEF-4D86-9169-3D517765D590}.Debug|Any CPU.Build.0 = Debug|Any CPU
		{0A93C5FA-1DEF-4D86-9169-3D517765D590}.Release|Any CPU.ActiveCfg = Release|Any CPU
		{0A93C5FA-1DEF-4D86-9169-3D517765D590}.Release|Any CPU.Build.0 = Release|Any CPU
	EndGlobalSection
EndGlobal
